
Microsoft Visual Studio Solution File, Format Version 12.00
# Visual Studio Version 16
VisualStudioVersion = 16.0.30011.22
MinimumVisualStudioVersion = 10.0.40219.1
Project("{9A19103F-16F7-4668-BE54-9A1E7A4F7556}") = "BlazorPages", "BlazorPages\BlazorPages.csproj", "{B12C1483-0CB0-4B6A-847E-D0239380ED65}"
EndProject
Project("{2150E333-8FDC-42A3-9474-1A3956D46DE8}") = "Solutions", "Solutions", "{461E9586-87A8-47BE-9E69-1AAE0A6D5B01}"
EndProject
Project("{9A19103F-16F7-4668-BE54-9A1E7A4F7556}") = "Event2016", "Solutions\Event2016\Event2016.csproj", "{793D7886-C5CC-4689-9142-E20D0EA5AA00}"
EndProject
Project("{9A19103F-16F7-4668-BE54-9A1E7A4F7556}") = "ConsoleRunner", "ConsoleRunner\ConsoleRunner.csproj", "{15A4B7C5-8EF4-456A-9E8E-0A45B5D358D1}"
EndProject
Project("{9A19103F-16F7-4668-BE54-9A1E7A4F7556}") = "Common", "Solutions\Common\Common.csproj", "{CC80BBE6-7D92-4BEE-99BB-01003BA80F81}"
EndProject
Project("{9A19103F-16F7-4668-BE54-9A1E7A4F7556}") = "BenchmarkRunner", "BenchmarkRunner\BenchmarkRunner.csproj", "{34C73D21-9E39-47E5-A6DD-0102C1A92737}"
EndProject
Project("{2150E333-8FDC-42A3-9474-1A3956D46DE8}") = "Solution Items", "Solution Items", "{5689FDD0-B985-4502-8135-D7CB84F8777E}"
	ProjectSection(SolutionItems) = preProject
		.editorconfig = .editorconfig
	EndProjectSection
EndProject
Project("{FAE04EC0-301F-11D3-BF4B-00C04F79EFBC}") = "Event2015", "Event2015\Event2015.csproj", "{A067E09A-3DE9-4CA8-B0A9-BE57FB1AB350}"
EndProject
Global
	GlobalSection(SolutionConfigurationPlatforms) = preSolution
		Debug|Any CPU = Debug|Any CPU
		Release|Any CPU = Release|Any CPU
	EndGlobalSection
	GlobalSection(ProjectConfigurationPlatforms) = postSolution
		{B12C1483-0CB0-4B6A-847E-D0239380ED65}.Debug|Any CPU.ActiveCfg = Debug|Any CPU
		{B12C1483-0CB0-4B6A-847E-D0239380ED65}.Debug|Any CPU.Build.0 = Debug|Any CPU
		{B12C1483-0CB0-4B6A-847E-D0239380ED65}.Release|Any CPU.ActiveCfg = Release|Any CPU
		{B12C1483-0CB0-4B6A-847E-D0239380ED65}.Release|Any CPU.Build.0 = Release|Any CPU
		{793D7886-C5CC-4689-9142-E20D0EA5AA00}.Debug|Any CPU.ActiveCfg = Debug|Any CPU
		{793D7886-C5CC-4689-9142-E20D0EA5AA00}.Debug|Any CPU.Build.0 = Debug|Any CPU
		{793D7886-C5CC-4689-9142-E20D0EA5AA00}.Release|Any CPU.ActiveCfg = Release|Any CPU
		{793D7886-C5CC-4689-9142-E20D0EA5AA00}.Release|Any CPU.Build.0 = Release|Any CPU
		{15A4B7C5-8EF4-456A-9E8E-0A45B5D358D1}.Debug|Any CPU.ActiveCfg = Debug|Any CPU
		{15A4B7C5-8EF4-456A-9E8E-0A45B5D358D1}.Debug|Any CPU.Build.0 = Debug|Any CPU
		{15A4B7C5-8EF4-456A-9E8E-0A45B5D358D1}.Release|Any CPU.ActiveCfg = Release|Any CPU
		{15A4B7C5-8EF4-456A-9E8E-0A45B5D358D1}.Release|Any CPU.Build.0 = Release|Any CPU
		{CC80BBE6-7D92-4BEE-99BB-01003BA80F81}.Debug|Any CPU.ActiveCfg = Debug|Any CPU
		{CC80BBE6-7D92-4BEE-99BB-01003BA80F81}.Debug|Any CPU.Build.0 = Debug|Any CPU
		{CC80BBE6-7D92-4BEE-99BB-01003BA80F81}.Release|Any CPU.ActiveCfg = Release|Any CPU
		{CC80BBE6-7D92-4BEE-99BB-01003BA80F81}.Release|Any CPU.Build.0 = Release|Any CPU
		{34C73D21-9E39-47E5-A6DD-0102C1A92737}.Debug|Any CPU.ActiveCfg = Debug|Any CPU
		{34C73D21-9E39-47E5-A6DD-0102C1A92737}.Debug|Any CPU.Build.0 = Debug|Any CPU
		{34C73D21-9E39-47E5-A6DD-0102C1A92737}.Release|Any CPU.ActiveCfg = Release|Any CPU
		{34C73D21-9E39-47E5-A6DD-0102C1A92737}.Release|Any CPU.Build.0 = Release|Any CPU
		{A067E09A-3DE9-4CA8-B0A9-BE57FB1AB350}.Debug|Any CPU.ActiveCfg = Debug|Any CPU
		{A067E09A-3DE9-4CA8-B0A9-BE57FB1AB350}.Debug|Any CPU.Build.0 = Debug|Any CPU
		{A067E09A-3DE9-4CA8-B0A9-BE57FB1AB350}.Release|Any CPU.ActiveCfg = Release|Any CPU
		{A067E09A-3DE9-4CA8-B0A9-BE57FB1AB350}.Release|Any CPU.Build.0 = Release|Any CPU
	EndGlobalSection
	GlobalSection(SolutionProperties) = preSolution
		HideSolutionNode = FALSE
	EndGlobalSection
	GlobalSection(NestedProjects) = preSolution
		{793D7886-C5CC-4689-9142-E20D0EA5AA00} = {461E9586-87A8-47BE-9E69-1AAE0A6D5B01}
		{CC80BBE6-7D92-4BEE-99BB-01003BA80F81} = {461E9586-87A8-47BE-9E69-1AAE0A6D5B01}
		{A067E09A-3DE9-4CA8-B0A9-BE57FB1AB350} = {461E9586-87A8-47BE-9E69-1AAE0A6D5B01}
	EndGlobalSection
	GlobalSection(ExtensibilityGlobals) = postSolution
		SolutionGuid = {B013F013-F88E-4A01-BC47-F5B407963ECB}
	EndGlobalSection
EndGlobal
